// !$*UTF8*$!
{
	archiveVersion = 1;
	classes = {
	};
	objectVersion = 48;
	objects = {

/* Begin PBXBuildFile section */
		745BE0971FE20BA0009248C9 /* AppDelegate.swift in Sources */ = {isa = PBXBuildFile; fileRef = 745BE0961FE20BA0009248C9 /* AppDelegate.swift */; };
		745BE0991FE20BA0009248C9 /* ViewController.swift in Sources */ = {isa = PBXBuildFile; fileRef = 745BE0981FE20BA0009248C9 /* ViewController.swift */; };
		745BE09C1FE20BA0009248C9 /* Main.storyboard in Resources */ = {isa = PBXBuildFile; fileRef = 745BE09A1FE20BA0009248C9 /* Main.storyboard */; };
		745BE09E1FE20BA0009248C9 /* Assets.xcassets in Resources */ = {isa = PBXBuildFile; fileRef = 745BE09D1FE20BA0009248C9 /* Assets.xcassets */; };
		745BE0A11FE20BA0009248C9 /* LaunchScreen.storyboard in Resources */ = {isa = PBXBuildFile; fileRef = 745BE09F1FE20BA0009248C9 /* LaunchScreen.storyboard */; };
		74E548FE1FE30FA200301145 /* GoogleService-Info.plist in Resources */ = {isa = PBXBuildFile; fileRef = 74E548FD1FE30FA200301145 /* GoogleService-Info.plist */; };
		7970345EF26B4DEDB08B843F /* Pods_MAPD714_Assignment2_TodoList_TimofeiSopin.framework in Frameworks */ = {isa = PBXBuildFile; fileRef = 8121F780B7C60164509F43B2 /* Pods_MAPD714_Assignment2_TodoList_TimofeiSopin.framework */; };
/* End PBXBuildFile section */

/* Begin PBXFileReference section */
		6265B757EB7C233CCF2BF3AE /* Pods-MAPD714-Assignment2_TodoList_TimofeiSopin.debug.xcconfig */ = {isa = PBXFileReference; includeInIndex = 1; lastKnownFileType = text.xcconfig; name = "Pods-MAPD714-Assignment2_TodoList_TimofeiSopin.debug.xcconfig"; path = "Pods/Target Support Files/Pods-MAPD714-Assignment2_TodoList_TimofeiSopin/Pods-MAPD714-Assignment2_TodoList_TimofeiSopin.debug.xcconfig"; sourceTree = "<group>"; };
		745BE0931FE20BA0009248C9 /* MAPD714-Assignment2_TodoList_TimofeiSopin.app */ = {isa = PBXFileReference; explicitFileType = wrapper.application; includeInIndex = 0; path = "MAPD714-Assignment2_TodoList_TimofeiSopin.app"; sourceTree = BUILT_PRODUCTS_DIR; };
		745BE0961FE20BA0009248C9 /* AppDelegate.swift */ = {isa = PBXFileReference; lastKnownFileType = sourcecode.swift; path = AppDelegate.swift; sourceTree = "<group>"; };
		745BE0981FE20BA0009248C9 /* ViewController.swift */ = {isa = PBXFileReference; lastKnownFileType = sourcecode.swift; path = ViewController.swift; sourceTree = "<group>"; };
		745BE09B1FE20BA0009248C9 /* Base */ = {isa = PBXFileReference; lastKnownFileType = file.storyboard; name = Base; path = Base.lproj/Main.storyboard; sourceTree = "<group>"; };
		745BE09D1FE20BA0009248C9 /* Assets.xcassets */ = {isa = PBXFileReference; lastKnownFileType = folder.assetcatalog; path = Assets.xcassets; sourceTree = "<group>"; };
		745BE0A01FE20BA0009248C9 /* Base */ = {isa = PBXFileReference; lastKnownFileType = file.storyboard; name = Base; path = Base.lproj/LaunchScreen.storyboard; sourceTree = "<group>"; };
		745BE0A21FE20BA0009248C9 /* Info.plist */ = {isa = PBXFileReference; lastKnownFileType = text.plist.xml; path = Info.plist; sourceTree = "<group>"; };
		74E548FD1FE30FA200301145 /* GoogleService-Info.plist */ = {isa = PBXFileReference; fileEncoding = 4; lastKnownFileType = text.plist.xml; name = "GoogleService-Info.plist"; path = "../../../../../Downloads/GoogleService-Info.plist"; sourceTree = "<group>"; };
		8121F780B7C60164509F43B2 /* Pods_MAPD714_Assignment2_TodoList_TimofeiSopin.framework */ = {isa = PBXFileReference; explicitFileType = wrapper.framework; includeInIndex = 0; path = Pods_MAPD714_Assignment2_TodoList_TimofeiSopin.framework; sourceTree = BUILT_PRODUCTS_DIR; };
		FE64082C51C72D76D2177460 /* Pods-MAPD714-Assignment2_TodoList_TimofeiSopin.release.xcconfig */ = {isa = PBXFileReference; includeInIndex = 1; lastKnownFileType = text.xcconfig; name = "Pods-MAPD714-Assignment2_TodoList_TimofeiSopin.release.xcconfig"; path = "Pods/Target Support Files/Pods-MAPD714-Assignment2_TodoList_TimofeiSopin/Pods-MAPD714-Assignment2_TodoList_TimofeiSopin.release.xcconfig"; sourceTree = "<group>"; };
/* End PBXFileReference section */

/* Begin PBXFrameworksBuildPhase section */
		745BE0901FE20BA0009248C9 /* Frameworks */ = {
			isa = PBXFrameworksBuildPhase;
			buildActionMask = 2147483647;
			files = (
				7970345EF26B4DEDB08B843F /* Pods_MAPD714_Assignment2_TodoList_TimofeiSopin.framework in Frameworks */,
			);
			runOnlyForDeploymentPostprocessing = 0;
		};
/* End PBXFrameworksBuildPhase section */

/* Begin PBXGroup section */
		127A1EF735EE6919E752485F /* Frameworks */ = {
			isa = PBXGroup;
			children = (
				8121F780B7C60164509F43B2 /* Pods_MAPD714_Assignment2_TodoList_TimofeiSopin.framework */,
			);
			name = Frameworks;
			sourceTree = "<group>";
		};
		694E6C39FC7C6AC5343E2DB7 /* Pods */ = {
			isa = PBXGroup;
			children = (
				6265B757EB7C233CCF2BF3AE /* Pods-MAPD714-Assignment2_TodoList_TimofeiSopin.debug.xcconfig */,
				FE64082C51C72D76D2177460 /* Pods-MAPD714-Assignment2_TodoList_TimofeiSopin.release.xcconfig */,
			);
			name = Pods;
			sourceTree = "<group>";
		};
		745BE08A1FE20BA0009248C9 = {
			isa = PBXGroup;
			children = (
				745BE0951FE20BA0009248C9 /* MAPD714-Assignment2_TodoList_TimofeiSopin */,
				745BE0941FE20BA0009248C9 /* Products */,
				694E6C39FC7C6AC5343E2DB7 /* Pods */,
				127A1EF735EE6919E752485F /* Frameworks */,
			);
			sourceTree = "<group>";
		};
		745BE0941FE20BA0009248C9 /* Products */ = {
			isa = PBXGroup;
			children = (
				745BE0931FE20BA0009248C9 /* MAPD714-Assignment2_TodoList_TimofeiSopin.app */,
			);
			name = Products;
			sourceTree = "<group>";
		};
		745BE0951FE20BA0009248C9 /* MAPD714-Assignment2_TodoList_TimofeiSopin */ = {
			isa = PBXGroup;
			children = (
				745BE0961FE20BA0009248C9 /* AppDelegate.swift */,
				745BE0981FE20BA0009248C9 /* ViewController.swift */,
				745BE09A1FE20BA0009248C9 /* Main.storyboard */,
				745BE09D1FE20BA0009248C9 /* Assets.xcassets */,
				745BE09F1FE20BA0009248C9 /* LaunchScreen.storyboard */,
				745BE0A21FE20BA0009248C9 /* Info.plist */,
				74E548FD1FE30FA200301145 /* GoogleService-Info.plist */,
			);
			path = "MAPD714-Assignment2_TodoList_TimofeiSopin";
			sourceTree = "<group>";
		};
/* End PBXGroup section */

/* Begin PBXNativeTarget section */
		745BE0921FE20BA0009248C9 /* MAPD714-Assignment2_TodoList_TimofeiSopin */ = {
			isa = PBXNativeTarget;
			buildConfigurationList = 745BE0A51FE20BA0009248C9 /* Build configuration list for PBXNativeTarget "MAPD714-Assignment2_TodoList_TimofeiSopin" */;
			buildPhases = (
				F671E9D3098D68EFB1D2391A /* [CP] Check Pods Manifest.lock */,
				745BE08F1FE20BA0009248C9 /* Sources */,
				745BE0901FE20BA0009248C9 /* Frameworks */,
				745BE0911FE20BA0009248C9 /* Resources */,
				187C3C659725D5285998F9FA /* [CP] Embed Pods Frameworks */,
				22827451DE5355398F1F2442 /* [CP] Copy Pods Resources */,
			);
			buildRules = (
			);
			dependencies = (
			);
			name = "MAPD714-Assignment2_TodoList_TimofeiSopin";
			productName = "MAPD714-Assignment2_TodoList_TimofeiSopin";
			productReference = 745BE0931FE20BA0009248C9 /* MAPD714-Assignment2_TodoList_TimofeiSopin.app */;
			productType = "com.apple.product-type.application";
		};
/* End PBXNativeTarget section */

/* Begin PBXProject section */
		745BE08B1FE20BA0009248C9 /* Project object */ = {
			isa = PBXProject;
			attributes = {
				LastSwiftUpdateCheck = 0920;
				LastUpgradeCheck = 0920;
				ORGANIZATIONNAME = "Centennial College";
				TargetAttributes = {
					745BE0921FE20BA0009248C9 = {
						CreatedOnToolsVersion = 9.2;
						ProvisioningStyle = Automatic;
					};
				};
			};
			buildConfigurationList = 745BE08E1FE20BA0009248C9 /* Build configuration list for PBXProject "MAPD714-Assignment2_TodoList_TimofeiSopin" */;
			compatibilityVersion = "Xcode 8.0";
			developmentRegion = en;
			hasScannedForEncodings = 0;
			knownRegions = (
				en,
				Base,
			);
			mainGroup = 745BE08A1FE20BA0009248C9;
			productRefGroup = 745BE0941FE20BA0009248C9 /* Products */;
			projectDirPath = "";
			projectRoot = "";
			targets = (
				745BE0921FE20BA0009248C9 /* MAPD714-Assignment2_TodoList_TimofeiSopin */,
			);
		};
/* End PBXProject section */

/* Begin PBXResourcesBuildPhase section */
		745BE0911FE20BA0009248C9 /* Resources */ = {
			isa = PBXResourcesBuildPhase;
			buildActionMask = 2147483647;
			files = (
				745BE0A11FE20BA0009248C9 /* LaunchScreen.storyboard in Resources */,
				74E548FE1FE30FA200301145 /* GoogleService-Info.plist in Resources */,
				745BE09E1FE20BA0009248C9 /* Assets.xcassets in Resources */,
				745BE09C1FE20BA0009248C9 /* Main.storyboard in Resources */,
			);
			runOnlyForDeploymentPostprocessing = 0;
		};
/* End PBXResourcesBuildPhase section */

/* Begin PBXShellScriptBuildPhase section */
		187C3C659725D5285998F9FA /* [CP] Embed Pods Frameworks */ = {
			isa = PBXShellScriptBuildPhase;
			buildActionMask = 2147483647;
			files = (
			);
			inputPaths = (
			);
			name = "[CP] Embed Pods Frameworks";
			outputPaths = (
			);
			runOnlyForDeploymentPostprocessing = 0;
			shellPath = /bin/sh;
			shellScript = "\"${SRCROOT}/Pods/Target Support Files/Pods-MAPD714-Assignment2_TodoList_TimofeiSopin/Pods-MAPD714-Assignment2_TodoList_TimofeiSopin-frameworks.sh\"\n";
			showEnvVarsInLog = 0;
		};
		22827451DE5355398F1F2442 /* [CP] Copy Pods Resources */ = {
			isa = PBXShellScriptBuildPhase;
			buildActionMask = 2147483647;
			files = (
			);
			inputPaths = (
			);
			name = "[CP] Copy Pods Resources";
			outputPaths = (
			);
			runOnlyForDeploymentPostprocessing = 0;
			shellPath = /bin/sh;
			shellScript = "\"${SRCROOT}/Pods/Target Support Files/Pods-MAPD714-Assignment2_TodoList_TimofeiSopin/Pods-MAPD714-Assignment2_TodoList_TimofeiSopin-resources.sh\"\n";
			showEnvVarsInLog = 0;
		};
		F671E9D3098D68EFB1D2391A /* [CP] Check Pods Manifest.lock */ = {
			isa = PBXShellScriptBuildPhase;
			buildActionMask = 2147483647;
			files = (
			);
			inputPaths = (
				"${PODS_PODFILE_DIR_PATH}/Podfile.lock",
				"${PODS_ROOT}/Manifest.lock",
			);
			name = "[CP] Check Pods Manifest.lock";
			outputPaths = (
				"$(DERIVED_FILE_DIR)/Pods-MAPD714-Assignment2_TodoList_TimofeiSopin-checkManifestLockResult.txt",
			);
			runOnlyForDeploymentPostprocessing = 0;
			shellPath = /bin/sh;
			shellScript = "diff \"${PODS_PODFILE_DIR_PATH}/Podfile.lock\" \"${PODS_ROOT}/Manifest.lock\" > /dev/null\nif [ $? != 0 ] ; then\n    # print error to STDERR\n    echo \"error: The sandbox is not in sync with the Podfile.lock. Run 'pod install' or update your CocoaPods installation.\" >&2\n    exit 1\nfi\n# This output is used by Xcode 'outputs' to avoid re-running this script phase.\necho \"SUCCESS\" > \"${SCRIPT_OUTPUT_FILE_0}\"\n";
			showEnvVarsInLog = 0;
		};
/* End PBXShellScriptBuildPhase section */

/* Begin PBXSourcesBuildPhase section */
		745BE08F1FE20BA0009248C9 /* Sources */ = {
			isa = PBXSourcesBuildPhase;
			buildActionMask = 2147483647;
			files = (
				745BE0991FE20BA0009248C9 /* ViewController.swift in Sources */,
				745BE0971FE20BA0009248C9 /* AppDelegate.swift in Sources */,
			);
			runOnlyForDeploymentPostprocessing = 0;
		};
/* End PBXSourcesBuildPhase section */

/* Begin PBXVariantGroup section */
		745BE09A1FE20BA0009248C9 /* Main.storyboard */ = {
			isa = PBXVariantGroup;
			children = (
				745BE09B1FE20BA0009248C9 /* Base */,
			);
			name = Main.storyboard;
			sourceTree = "<group>";
		};
		745BE09F1FE20BA0009248C9 /* LaunchScreen.storyboard */ = {
			isa = PBXVariantGroup;
			children = (
				745BE0A01FE20BA0009248C9 /* Base */,
			);
			name = LaunchScreen.storyboard;
			sourceTree = "<group>";
		};
/* End PBXVariantGroup section */

/* Begin XCBuildConfiguration section */
		745BE0A31FE20BA0009248C9 /* Debug */ = {
			isa = XCBuildConfiguration;
			buildSettings = {
				ALWAYS_SEARCH_USER_PATHS = NO;
				CLANG_ANALYZER_NONNULL = YES;
				CLANG_ANALYZER_NUMBER_OBJECT_CONVERSION = YES_AGGRESSIVE;
				CLANG_CXX_LANGUAGE_STANDARD = "gnu++14";
				CLANG_CXX_LIBRARY = "libc++";
				CLANG_ENABLE_MODULES = YES;
				CLANG_ENABLE_OBJC_ARC = YES;
				CLANG_WARN_BLOCK_CAPTURE_AUTORELEASING = YES;
				CLANG_WARN_BOOL_CONVERSION = YES;
				CLANG_WARN_COMMA = YES;
				CLANG_WARN_CONSTANT_CONVERSION = YES;
				CLANG_WARN_DIRECT_OBJC_ISA_USAGE = YES_ERROR;
				CLANG_WARN_DOCUMENTATION_COMMENTS = YES;
				CLANG_WARN_EMPTY_BODY = YES;
				CLANG_WARN_ENUM_CONVERSION = YES;
				CLANG_WARN_INFINITE_RECURSION = YES;
				CLANG_WARN_INT_CONVERSION = YES;
				CLANG_WARN_NON_LITERAL_NULL_CONVERSION = YES;
				CLANG_WARN_OBJC_LITERAL_CONVERSION = YES;
				CLANG_WARN_OBJC_ROOT_CLASS = YES_ERROR;
				CLANG_WARN_RANGE_LOOP_ANALYSIS = YES;
				CLANG_WARN_STRICT_PROTOTYPES = YES;
				CLANG_WARN_SUSPICIOUS_MOVE = YES;
				CLANG_WARN_UNGUARDED_AVAILABILITY = YES_AGGRESSIVE;
				CLANG_WARN_UNREACHABLE_CODE = YES;
				CLANG_WARN__DUPLICATE_METHOD_MATCH = YES;
				CODE_SIGN_IDENTITY = "iPhone Developer";
				COPY_PHASE_STRIP = NO;
				DEBUG_INFORMATION_FORMAT = dwarf;
				ENABLE_STRICT_OBJC_MSGSEND = YES;
				ENABLE_TESTABILITY = YES;
				GCC_C_LANGUAGE_STANDARD = gnu11;
				GCC_DYNAMIC_NO_PIC = NO;
				GCC_NO_COMMON_BLOCKS = YES;
				GCC_OPTIMIZATION_LEVEL = 0;
				GCC_PREPROCESSOR_DEFINITIONS = (
					"DEBUG=1",
					"$(inherited)",
				);
				GCC_WARN_64_TO_32_BIT_CONVERSION = YES;
				GCC_WARN_ABOUT_RETURN_TYPE = YES_ERROR;
				GCC_WARN_UNDECLARED_SELECTOR = YES;
				GCC_WARN_UNINITIALIZED_AUTOS = YES_AGGRESSIVE;
				GCC_WARN_UNUSED_FUNCTION = YES;
				GCC_WARN_UNUSED_VARIABLE = YES;
				IPHONEOS_DEPLOYMENT_TARGET = 11.2;
				MTL_ENABLE_DEBUG_INFO = YES;
				ONLY_ACTIVE_ARCH = YES;
				SDKROOT = iphoneos;
				SWIFT_ACTIVE_COMPILATION_CONDITIONS = DEBUG;
				SWIFT_OPTIMIZATION_LEVEL = "-Onone";
			};
			name = Debug;
		};
		745BE0A41FE20BA0009248C9 /* Release */ = {
			isa = XCBuildConfiguration;
			buildSettings = {
				ALWAYS_SEARCH_USER_PATHS = NO;
				CLANG_ANALYZER_NONNULL = YES;
				CLANG_ANALYZER_NUMBER_OBJECT_CONVERSION = YES_AGGRESSIVE;
				CLANG_CXX_LANGUAGE_STANDARD = "gnu++14";
				CLANG_CXX_LIBRARY = "libc++";
				CLANG_ENABLE_MODULES = YES;
				CLANG_ENABLE_OBJC_ARC = YES;
				CLANG_WARN_BLOCK_CAPTURE_AUTORELEASING = YES;
				CLANG_WARN_BOOL_CONVERSION = YES;
				CLANG_WARN_COMMA = YES;
				CLANG_WARN_CONSTANT_CONVERSION = YES;
				CLANG_WARN_DIRECT_OBJC_ISA_USAGE = YES_ERROR;
				CLANG_WARN_DOCUMENTATION_COMMENTS = YES;
				CLANG_WARN_EMPTY_BODY = YES;
				CLANG_WARN_ENUM_CONVERSION = YES;
				CLANG_WARN_INFINITE_RECURSION = YES;
				CLANG_WARN_INT_CONVERSION = YES;
				CLANG_WARN_NON_LITERAL_NULL_CONVERSION = YES;
				CLANG_WARN_OBJC_LITERAL_CONVERSION = YES;
				CLANG_WARN_OBJC_ROOT_CLASS = YES_ERROR;
				CLANG_WARN_RANGE_LOOP_ANALYSIS = YES;
				CLANG_WARN_STRICT_PROTOTYPES = YES;
				CLANG_WARN_SUSPICIOUS_MOVE = YES;
				CLANG_WARN_UNGUARDED_AVAILABILITY = YES_AGGRESSIVE;
				CLANG_WARN_UNREACHABLE_CODE = YES;
				CLANG_WARN__DUPLICATE_METHOD_MATCH = YES;
				CODE_SIGN_IDENTITY = "iPhone Developer";
				COPY_PHASE_STRIP = NO;
				DEBUG_INFORMATION_FORMAT = "dwarf-with-dsym";
				ENABLE_NS_ASSERTIONS = NO;
				ENABLE_STRICT_OBJC_MSGSEND = YES;
				GCC_C_LANGUAGE_STANDARD = gnu11;
				GCC_NO_COMMON_BLOCKS = YES;
				GCC_WARN_64_TO_32_BIT_CONVERSION = YES;
				GCC_WARN_ABOUT_RETURN_TYPE = YES_ERROR;
				GCC_WARN_UNDECLARED_SELECTOR = YES;
				GCC_WARN_UNINITIALIZED_AUTOS = YES_AGGRESSIVE;
				GCC_WARN_UNUSED_FUNCTION = YES;
				GCC_WARN_UNUSED_VARIABLE = YES;
				IPHONEOS_DEPLOYMENT_TARGET = 11.2;
				MTL_ENABLE_DEBUG_INFO = NO;
				SDKROOT = iphoneos;
				SWIFT_OPTIMIZATION_LEVEL = "-Owholemodule";
				VALIDATE_PRODUCT = YES;
			};
			name = Release;
		};
		745BE0A61FE20BA0009248C9 /* Debug */ = {
			isa = XCBuildConfiguration;
			baseConfigurationReference = 6265B757EB7C233CCF2BF3AE /* Pods-MAPD714-Assignment2_TodoList_TimofeiSopin.debug.xcconfig */;
			buildSettings = {
				ASSETCATALOG_COMPILER_APPICON_NAME = AppIcon;
				CODE_SIGN_STYLE = Automatic;
				DEVELOPMENT_TEAM = 2BULHRS882;
				INFOPLIST_FILE = "MAPD714-Assignment2_TodoList_TimofeiSopin/Info.plist";
				IPHONEOS_DEPLOYMENT_TARGET = 10.3;
				LD_RUNPATH_SEARCH_PATHS = "$(inherited) @executable_path/Frameworks";
				PRODUCT_BUNDLE_IDENTIFIER = "ca.centennialcollege.MAPD714-Assignment2-TodoList-TimofeiSopin";
				PRODUCT_NAME = "$(TARGET_NAME)";
				SWIFT_VERSION = 4.0;
				TARGETED_DEVICE_FAMILY = "1,2";
			};
			name = Debug;
		};
		745BE0A71FE20BA0009248C9 /* Release */ = {
			isa = XCBuildConfiguration;
			baseConfigurationReference = FE64082C51C72D76D2177460 /* Pods-MAPD714-Assignment2_TodoList_TimofeiSopin.release.xcconfig */;
			buildSettings = {
				ASSETCATALOG_COMPILER_APPICON_NAME = AppIcon;
				CODE_SIGN_STYLE = Automatic;
				DEVELOPMENT_TEAM = 2BULHRS882;
				INFOPLIST_FILE = "MAPD714-Assignment2_TodoList_TimofeiSopin/Info.plist";
				IPHONEOS_DEPLOYMENT_TARGET = 10.3;
				LD_RUNPATH_SEARCH_PATHS = "$(inherited) @executable_path/Frameworks";
				PRODUCT_BUNDLE_IDENTIFIER = "ca.centennialcollege.MAPD714-Assignment2-TodoList-TimofeiSopin";
				PRODUCT_NAME = "$(TARGET_NAME)";
				SWIFT_VERSION = 4.0;
				TARGETED_DEVICE_FAMILY = "1,2";
			};
			name = Release;
		};
/* End XCBuildConfiguration section */

/* Begin XCConfigurationList section */
		745BE08E1FE20BA0009248C9 /* Build configuration list for PBXProject "MAPD714-Assignment2_TodoList_TimofeiSopin" */ = {
			isa = XCConfigurationList;
			buildConfigurations = (
				745BE0A31FE20BA0009248C9 /* Debug */,
				745BE0A41FE20BA0009248C9 /* Release */,
			);
			defaultConfigurationIsVisible = 0;
			defaultConfigurationName = Release;
		};
		745BE0A51FE20BA0009248C9 /* Build configuration list for PBXNativeTarget "MAPD714-Assignment2_TodoList_TimofeiSopin" */ = {
			isa = XCConfigurationList;
			buildConfigurations = (
				745BE0A61FE20BA0009248C9 /* Debug */,
				745BE0A71FE20BA0009248C9 /* Release */,
			);
			defaultConfigurationIsVisible = 0;
			defaultConfigurationName = Release;
		};
/* End XCConfigurationList section */
	};
	rootObject = 745BE08B1FE20BA0009248C9 /* Project object */;
}
